// !$*UTF8*$!
{
	archiveVersion = 1;
	classes = {
	};
	objectVersion = 55;
	objects = {

/* Begin PBXBuildFile section */
		5A3733B92944F688005BABA7 /* Finance_HubApp.swift in Sources */ = {isa = PBXBuildFile; fileRef = 5A3733B82944F688005BABA7 /* Finance_HubApp.swift */; };
		5A3733BD2944F68A005BABA7 /* Assets.xcassets in Resources */ = {isa = PBXBuildFile; fileRef = 5A3733BC2944F68A005BABA7 /* Assets.xcassets */; };
		5A3733C02944F68A005BABA7 /* Preview Assets.xcassets in Resources */ = {isa = PBXBuildFile; fileRef = 5A3733BF2944F68A005BABA7 /* Preview Assets.xcassets */; };
		5A3733CA2944F68A005BABA7 /* Finance_HubTests.swift in Sources */ = {isa = PBXBuildFile; fileRef = 5A3733C92944F68A005BABA7 /* Finance_HubTests.swift */; };
		5A3733D42944F68A005BABA7 /* Finance_HubUITests.swift in Sources */ = {isa = PBXBuildFile; fileRef = 5A3733D32944F68A005BABA7 /* Finance_HubUITests.swift */; };
		5A3733D62944F68A005BABA7 /* Finance_HubUITestsLaunchTests.swift in Sources */ = {isa = PBXBuildFile; fileRef = 5A3733D52944F68A005BABA7 /* Finance_HubUITestsLaunchTests.swift */; };
		5A3733E6294504D2005BABA7 /* HistoricView.swift in Sources */ = {isa = PBXBuildFile; fileRef = 5A3733E5294504D2005BABA7 /* HistoricView.swift */; };
		5A3733E929450DD5005BABA7 /* HomeView.swift in Sources */ = {isa = PBXBuildFile; fileRef = 5A3733E829450DD5005BABA7 /* HomeView.swift */; };
		5A3733EB29450E66005BABA7 /* CreateTransactionView.swift in Sources */ = {isa = PBXBuildFile; fileRef = 5A3733EA29450E66005BABA7 /* CreateTransactionView.swift */; };
		5A3733ED29450EAF005BABA7 /* InsightsView.swift in Sources */ = {isa = PBXBuildFile; fileRef = 5A3733EC29450EAF005BABA7 /* InsightsView.swift */; };
		5A8409D2296ADDF80045FD49 /* Outflows.json in Resources */ = {isa = PBXBuildFile; fileRef = 5A8409D1296ADDF80045FD49 /* Outflows.json */; };
		5A8409D4296AE2D70045FD49 /* Outflow.swift in Sources */ = {isa = PBXBuildFile; fileRef = 5A8409D3296AE2D70045FD49 /* Outflow.swift */; };
		5A8409D6296AE3140045FD49 /* Currency.swift in Sources */ = {isa = PBXBuildFile; fileRef = 5A8409D5296AE3140045FD49 /* Currency.swift */; };
		5A8409D9296AE4DB0045FD49 /* JsonUtils.swift in Sources */ = {isa = PBXBuildFile; fileRef = 5A8409D8296AE4DB0045FD49 /* JsonUtils.swift */; };
/* End PBXBuildFile section */

/* Begin PBXContainerItemProxy section */
		5A3733C62944F68A005BABA7 /* PBXContainerItemProxy */ = {
			isa = PBXContainerItemProxy;
			containerPortal = 5A3733AD2944F688005BABA7 /* Project object */;
			proxyType = 1;
			remoteGlobalIDString = 5A3733B42944F688005BABA7;
			remoteInfo = "Finance Hub";
		};
		5A3733D02944F68A005BABA7 /* PBXContainerItemProxy */ = {
			isa = PBXContainerItemProxy;
			containerPortal = 5A3733AD2944F688005BABA7 /* Project object */;
			proxyType = 1;
			remoteGlobalIDString = 5A3733B42944F688005BABA7;
			remoteInfo = "Finance Hub";
		};
/* End PBXContainerItemProxy section */

/* Begin PBXFileReference section */
		5A3733B52944F688005BABA7 /* Finance Hub.app */ = {isa = PBXFileReference; explicitFileType = wrapper.application; includeInIndex = 0; path = "Finance Hub.app"; sourceTree = BUILT_PRODUCTS_DIR; };
		5A3733B82944F688005BABA7 /* Finance_HubApp.swift */ = {isa = PBXFileReference; lastKnownFileType = sourcecode.swift; path = Finance_HubApp.swift; sourceTree = "<group>"; };
		5A3733BC2944F68A005BABA7 /* Assets.xcassets */ = {isa = PBXFileReference; lastKnownFileType = folder.assetcatalog; path = Assets.xcassets; sourceTree = "<group>"; };
		5A3733BF2944F68A005BABA7 /* Preview Assets.xcassets */ = {isa = PBXFileReference; lastKnownFileType = folder.assetcatalog; path = "Preview Assets.xcassets"; sourceTree = "<group>"; };
		5A3733C52944F68A005BABA7 /* Finance HubTests.xctest */ = {isa = PBXFileReference; explicitFileType = wrapper.cfbundle; includeInIndex = 0; path = "Finance HubTests.xctest"; sourceTree = BUILT_PRODUCTS_DIR; };
		5A3733C92944F68A005BABA7 /* Finance_HubTests.swift */ = {isa = PBXFileReference; lastKnownFileType = sourcecode.swift; path = Finance_HubTests.swift; sourceTree = "<group>"; };
		5A3733CF2944F68A005BABA7 /* Finance HubUITests.xctest */ = {isa = PBXFileReference; explicitFileType = wrapper.cfbundle; includeInIndex = 0; path = "Finance HubUITests.xctest"; sourceTree = BUILT_PRODUCTS_DIR; };
		5A3733D32944F68A005BABA7 /* Finance_HubUITests.swift */ = {isa = PBXFileReference; lastKnownFileType = sourcecode.swift; path = Finance_HubUITests.swift; sourceTree = "<group>"; };
		5A3733D52944F68A005BABA7 /* Finance_HubUITestsLaunchTests.swift */ = {isa = PBXFileReference; lastKnownFileType = sourcecode.swift; path = Finance_HubUITestsLaunchTests.swift; sourceTree = "<group>"; };
		5A3733E5294504D2005BABA7 /* HistoricView.swift */ = {isa = PBXFileReference; lastKnownFileType = sourcecode.swift; path = HistoricView.swift; sourceTree = "<group>"; };
		5A3733E829450DD5005BABA7 /* HomeView.swift */ = {isa = PBXFileReference; lastKnownFileType = sourcecode.swift; path = HomeView.swift; sourceTree = "<group>"; };
		5A3733EA29450E66005BABA7 /* CreateTransactionView.swift */ = {isa = PBXFileReference; lastKnownFileType = sourcecode.swift; path = CreateTransactionView.swift; sourceTree = "<group>"; };
		5A3733EC29450EAF005BABA7 /* InsightsView.swift */ = {isa = PBXFileReference; lastKnownFileType = sourcecode.swift; path = InsightsView.swift; sourceTree = "<group>"; };
		5A8409D1296ADDF80045FD49 /* Outflows.json */ = {isa = PBXFileReference; fileEncoding = 4; lastKnownFileType = text.json; path = Outflows.json; sourceTree = "<group>"; };
		5A8409D3296AE2D70045FD49 /* Outflow.swift */ = {isa = PBXFileReference; lastKnownFileType = sourcecode.swift; path = Outflow.swift; sourceTree = "<group>"; };
		5A8409D5296AE3140045FD49 /* Currency.swift */ = {isa = PBXFileReference; lastKnownFileType = sourcecode.swift; path = Currency.swift; sourceTree = "<group>"; };
		5A8409D8296AE4DB0045FD49 /* JsonUtils.swift */ = {isa = PBXFileReference; lastKnownFileType = sourcecode.swift; path = JsonUtils.swift; sourceTree = "<group>"; };
/* End PBXFileReference section */

/* Begin PBXFrameworksBuildPhase section */
		5A3733B22944F688005BABA7 /* Frameworks */ = {
			isa = PBXFrameworksBuildPhase;
			buildActionMask = 2147483647;
			files = (
			);
			runOnlyForDeploymentPostprocessing = 0;
		};
		5A3733C22944F68A005BABA7 /* Frameworks */ = {
			isa = PBXFrameworksBuildPhase;
			buildActionMask = 2147483647;
			files = (
			);
			runOnlyForDeploymentPostprocessing = 0;
		};
		5A3733CC2944F68A005BABA7 /* Frameworks */ = {
			isa = PBXFrameworksBuildPhase;
			buildActionMask = 2147483647;
			files = (
			);
			runOnlyForDeploymentPostprocessing = 0;
		};
/* End PBXFrameworksBuildPhase section */

/* Begin PBXGroup section */
		5A3733AC2944F688005BABA7 = {
			isa = PBXGroup;
			children = (
				5A3733B72944F688005BABA7 /* Finance Hub */,
				5A3733C82944F68A005BABA7 /* Finance HubTests */,
				5A3733D22944F68A005BABA7 /* Finance HubUITests */,
				5A3733B62944F688005BABA7 /* Products */,
			);
			sourceTree = "<group>";
		};
		5A3733B62944F688005BABA7 /* Products */ = {
			isa = PBXGroup;
			children = (
				5A3733B52944F688005BABA7 /* Finance Hub.app */,
				5A3733C52944F68A005BABA7 /* Finance HubTests.xctest */,
				5A3733CF2944F68A005BABA7 /* Finance HubUITests.xctest */,
			);
			name = Products;
			sourceTree = "<group>";
		};
		5A3733B72944F688005BABA7 /* Finance Hub */ = {
			isa = PBXGroup;
			children = (
				5A8409D7296AE4D00045FD49 /* Utils */,
				5A8409CE296ADD2F0045FD49 /* Data */,
				5A3733E72945060F005BABA7 /* Models */,
				5A3733E2294504AA005BABA7 /* Screens */,
				5A3733B82944F688005BABA7 /* Finance_HubApp.swift */,
				5A3733BC2944F68A005BABA7 /* Assets.xcassets */,
				5A3733BE2944F68A005BABA7 /* Preview Content */,
			);
			path = "Finance Hub";
			sourceTree = "<group>";
		};
		5A3733BE2944F68A005BABA7 /* Preview Content */ = {
			isa = PBXGroup;
			children = (
				5A3733BF2944F68A005BABA7 /* Preview Assets.xcassets */,
			);
			path = "Preview Content";
			sourceTree = "<group>";
		};
		5A3733C82944F68A005BABA7 /* Finance HubTests */ = {
			isa = PBXGroup;
			children = (
				5A3733C92944F68A005BABA7 /* Finance_HubTests.swift */,
			);
			path = "Finance HubTests";
			sourceTree = "<group>";
		};
		5A3733D22944F68A005BABA7 /* Finance HubUITests */ = {
			isa = PBXGroup;
			children = (
				5A3733D32944F68A005BABA7 /* Finance_HubUITests.swift */,
				5A3733D52944F68A005BABA7 /* Finance_HubUITestsLaunchTests.swift */,
			);
			path = "Finance HubUITests";
			sourceTree = "<group>";
		};
		5A3733E2294504AA005BABA7 /* Screens */ = {
			isa = PBXGroup;
			children = (
				5A3733E5294504D2005BABA7 /* HistoricView.swift */,
				5A3733E829450DD5005BABA7 /* HomeView.swift */,
				5A3733EA29450E66005BABA7 /* CreateTransactionView.swift */,
				5A3733EC29450EAF005BABA7 /* InsightsView.swift */,
			);
			path = Screens;
			sourceTree = "<group>";
		};
		5A3733E72945060F005BABA7 /* Models */ = {
			isa = PBXGroup;
			children = (
				5A8409D3296AE2D70045FD49 /* Outflow.swift */,
				5A8409D5296AE3140045FD49 /* Currency.swift */,
			);
			path = Models;
			sourceTree = "<group>";
		};
		5A8409CE296ADD2F0045FD49 /* Data */ = {
			isa = PBXGroup;
			children = (
				5A8409D1296ADDF80045FD49 /* Outflows.json */,
			);
			path = Data;
			sourceTree = "<group>";
		};
		5A8409D7296AE4D00045FD49 /* Utils */ = {
			isa = PBXGroup;
			children = (
				5A8409D8296AE4DB0045FD49 /* JsonUtils.swift */,
			);
			path = Utils;
			sourceTree = "<group>";
		};
/* End PBXGroup section */

/* Begin PBXNativeTarget section */
		5A3733B42944F688005BABA7 /* Finance Hub */ = {
			isa = PBXNativeTarget;
			buildConfigurationList = 5A3733D92944F68A005BABA7 /* Build configuration list for PBXNativeTarget "Finance Hub" */;
			buildPhases = (
				5A3733B12944F688005BABA7 /* Sources */,
				5A3733B22944F688005BABA7 /* Frameworks */,
				5A3733B32944F688005BABA7 /* Resources */,
			);
			buildRules = (
			);
			dependencies = (
			);
			name = "Finance Hub";
			productName = "Finance Hub";
			productReference = 5A3733B52944F688005BABA7 /* Finance Hub.app */;
			productType = "com.apple.product-type.application";
		};
		5A3733C42944F68A005BABA7 /* Finance HubTests */ = {
			isa = PBXNativeTarget;
			buildConfigurationList = 5A3733DC2944F68A005BABA7 /* Build configuration list for PBXNativeTarget "Finance HubTests" */;
			buildPhases = (
				5A3733C12944F68A005BABA7 /* Sources */,
				5A3733C22944F68A005BABA7 /* Frameworks */,
				5A3733C32944F68A005BABA7 /* Resources */,
			);
			buildRules = (
			);
			dependencies = (
				5A3733C72944F68A005BABA7 /* PBXTargetDependency */,
			);
			name = "Finance HubTests";
			productName = "Finance HubTests";
			productReference = 5A3733C52944F68A005BABA7 /* Finance HubTests.xctest */;
			productType = "com.apple.product-type.bundle.unit-test";
		};
		5A3733CE2944F68A005BABA7 /* Finance HubUITests */ = {
			isa = PBXNativeTarget;
			buildConfigurationList = 5A3733DF2944F68A005BABA7 /* Build configuration list for PBXNativeTarget "Finance HubUITests" */;
			buildPhases = (
				5A3733CB2944F68A005BABA7 /* Sources */,
				5A3733CC2944F68A005BABA7 /* Frameworks */,
				5A3733CD2944F68A005BABA7 /* Resources */,
			);
			buildRules = (
			);
			dependencies = (
				5A3733D12944F68A005BABA7 /* PBXTargetDependency */,
			);
			name = "Finance HubUITests";
			productName = "Finance HubUITests";
			productReference = 5A3733CF2944F68A005BABA7 /* Finance HubUITests.xctest */;
			productType = "com.apple.product-type.bundle.ui-testing";
		};
/* End PBXNativeTarget section */

/* Begin PBXProject section */
		5A3733AD2944F688005BABA7 /* Project object */ = {
			isa = PBXProject;
			attributes = {
				BuildIndependentTargetsInParallel = 1;
				LastSwiftUpdateCheck = 1340;
				LastUpgradeCheck = 1340;
				TargetAttributes = {
					5A3733B42944F688005BABA7 = {
						CreatedOnToolsVersion = 13.4.1;
					};
					5A3733C42944F68A005BABA7 = {
						CreatedOnToolsVersion = 13.4.1;
						TestTargetID = 5A3733B42944F688005BABA7;
					};
					5A3733CE2944F68A005BABA7 = {
						CreatedOnToolsVersion = 13.4.1;
						TestTargetID = 5A3733B42944F688005BABA7;
					};
				};
			};
			buildConfigurationList = 5A3733B02944F688005BABA7 /* Build configuration list for PBXProject "Finance Hub" */;
			compatibilityVersion = "Xcode 13.0";
			developmentRegion = en;
			hasScannedForEncodings = 0;
			knownRegions = (
				en,
				Base,
			);
			mainGroup = 5A3733AC2944F688005BABA7;
			productRefGroup = 5A3733B62944F688005BABA7 /* Products */;
			projectDirPath = "";
			projectRoot = "";
			targets = (
				5A3733B42944F688005BABA7 /* Finance Hub */,
				5A3733C42944F68A005BABA7 /* Finance HubTests */,
				5A3733CE2944F68A005BABA7 /* Finance HubUITests */,
			);
		};
/* End PBXProject section */

/* Begin PBXResourcesBuildPhase section */
		5A3733B32944F688005BABA7 /* Resources */ = {
			isa = PBXResourcesBuildPhase;
			buildActionMask = 2147483647;
			files = (
				5A8409D2296ADDF80045FD49 /* Outflows.json in Resources */,
				5A3733C02944F68A005BABA7 /* Preview Assets.xcassets in Resources */,
				5A3733BD2944F68A005BABA7 /* Assets.xcassets in Resources */,
			);
			runOnlyForDeploymentPostprocessing = 0;
		};
		5A3733C32944F68A005BABA7 /* Resources */ = {
			isa = PBXResourcesBuildPhase;
			buildActionMask = 2147483647;
			files = (
			);
			runOnlyForDeploymentPostprocessing = 0;
		};
		5A3733CD2944F68A005BABA7 /* Resources */ = {
			isa = PBXResourcesBuildPhase;
			buildActionMask = 2147483647;
			files = (
			);
			runOnlyForDeploymentPostprocessing = 0;
		};
/* End PBXResourcesBuildPhase section */

/* Begin PBXSourcesBuildPhase section */
		5A3733B12944F688005BABA7 /* Sources */ = {
			isa = PBXSourcesBuildPhase;
			buildActionMask = 2147483647;
			files = (
				5A8409D4296AE2D70045FD49 /* Outflow.swift in Sources */,
				5A3733E929450DD5005BABA7 /* HomeView.swift in Sources */,
				5A3733ED29450EAF005BABA7 /* InsightsView.swift in Sources */,
				5A3733B92944F688005BABA7 /* Finance_HubApp.swift in Sources */,
				5A3733E6294504D2005BABA7 /* HistoricView.swift in Sources */,
				5A8409D9296AE4DB0045FD49 /* JsonUtils.swift in Sources */,
				5A8409D6296AE3140045FD49 /* Currency.swift in Sources */,
				5A3733EB29450E66005BABA7 /* CreateTransactionView.swift in Sources */,
			);
			runOnlyForDeploymentPostprocessing = 0;
		};
		5A3733C12944F68A005BABA7 /* Sources */ = {
			isa = PBXSourcesBuildPhase;
			buildActionMask = 2147483647;
			files = (
				5A3733CA2944F68A005BABA7 /* Finance_HubTests.swift in Sources */,
			);
			runOnlyForDeploymentPostprocessing = 0;
		};
		5A3733CB2944F68A005BABA7 /* Sources */ = {
			isa = PBXSourcesBuildPhase;
			buildActionMask = 2147483647;
			files = (
				5A3733D42944F68A005BABA7 /* Finance_HubUITests.swift in Sources */,
				5A3733D62944F68A005BABA7 /* Finance_HubUITestsLaunchTests.swift in Sources */,
			);
			runOnlyForDeploymentPostprocessing = 0;
		};
/* End PBXSourcesBuildPhase section */

/* Begin PBXTargetDependency section */
		5A3733C72944F68A005BABA7 /* PBXTargetDependency */ = {
			isa = PBXTargetDependency;
			target = 5A3733B42944F688005BABA7 /* Finance Hub */;
			targetProxy = 5A3733C62944F68A005BABA7 /* PBXContainerItemProxy */;
		};
		5A3733D12944F68A005BABA7 /* PBXTargetDependency */ = {
			isa = PBXTargetDependency;
			target = 5A3733B42944F688005BABA7 /* Finance Hub */;
			targetProxy = 5A3733D02944F68A005BABA7 /* PBXContainerItemProxy */;
		};
/* End PBXTargetDependency section */

/* Begin XCBuildConfiguration section */
		5A3733D72944F68A005BABA7 /* Debug */ = {
			isa = XCBuildConfiguration;
			buildSettings = {
				ALWAYS_SEARCH_USER_PATHS = NO;
				CLANG_ANALYZER_NONNULL = YES;
				CLANG_ANALYZER_NUMBER_OBJECT_CONVERSION = YES_AGGRESSIVE;
				CLANG_CXX_LANGUAGE_STANDARD = "gnu++17";
				CLANG_ENABLE_MODULES = YES;
				CLANG_ENABLE_OBJC_ARC = YES;
				CLANG_ENABLE_OBJC_WEAK = YES;
				CLANG_WARN_BLOCK_CAPTURE_AUTORELEASING = YES;
				CLANG_WARN_BOOL_CONVERSION = YES;
				CLANG_WARN_COMMA = YES;
				CLANG_WARN_CONSTANT_CONVERSION = YES;
				CLANG_WARN_DEPRECATED_OBJC_IMPLEMENTATIONS = YES;
				CLANG_WARN_DIRECT_OBJC_ISA_USAGE = YES_ERROR;
				CLANG_WARN_DOCUMENTATION_COMMENTS = YES;
				CLANG_WARN_EMPTY_BODY = YES;
				CLANG_WARN_ENUM_CONVERSION = YES;
				CLANG_WARN_INFINITE_RECURSION = YES;
				CLANG_WARN_INT_CONVERSION = YES;
				CLANG_WARN_NON_LITERAL_NULL_CONVERSION = YES;
				CLANG_WARN_OBJC_IMPLICIT_RETAIN_SELF = YES;
				CLANG_WARN_OBJC_LITERAL_CONVERSION = YES;
				CLANG_WARN_OBJC_ROOT_CLASS = YES_ERROR;
				CLANG_WARN_QUOTED_INCLUDE_IN_FRAMEWORK_HEADER = YES;
				CLANG_WARN_RANGE_LOOP_ANALYSIS = YES;
				CLANG_WARN_STRICT_PROTOTYPES = YES;
				CLANG_WARN_SUSPICIOUS_MOVE = YES;
				CLANG_WARN_UNGUARDED_AVAILABILITY = YES_AGGRESSIVE;
				CLANG_WARN_UNREACHABLE_CODE = YES;
				CLANG_WARN__DUPLICATE_METHOD_MATCH = YES;
				COPY_PHASE_STRIP = NO;
				DEBUG_INFORMATION_FORMAT = dwarf;
				ENABLE_STRICT_OBJC_MSGSEND = YES;
				ENABLE_TESTABILITY = YES;
				GCC_C_LANGUAGE_STANDARD = gnu11;
				GCC_DYNAMIC_NO_PIC = NO;
				GCC_NO_COMMON_BLOCKS = YES;
				GCC_OPTIMIZATION_LEVEL = 0;
				GCC_PREPROCESSOR_DEFINITIONS = (
					"DEBUG=1",
					"$(inherited)",
				);
				GCC_WARN_64_TO_32_BIT_CONVERSION = YES;
				GCC_WARN_ABOUT_RETURN_TYPE = YES_ERROR;
				GCC_WARN_UNDECLARED_SELECTOR = YES;
				GCC_WARN_UNINITIALIZED_AUTOS = YES_AGGRESSIVE;
				GCC_WARN_UNUSED_FUNCTION = YES;
				GCC_WARN_UNUSED_VARIABLE = YES;
				IPHONEOS_DEPLOYMENT_TARGET = 15.5;
				MTL_ENABLE_DEBUG_INFO = INCLUDE_SOURCE;
				MTL_FAST_MATH = YES;
				ONLY_ACTIVE_ARCH = YES;
				SDKROOT = iphoneos;
				SWIFT_ACTIVE_COMPILATION_CONDITIONS = DEBUG;
				SWIFT_OPTIMIZATION_LEVEL = "-Onone";
			};
			name = Debug;
		};
		5A3733D82944F68A005BABA7 /* Release */ = {
			isa = XCBuildConfiguration;
			buildSettings = {
				ALWAYS_SEARCH_USER_PATHS = NO;
				CLANG_ANALYZER_NONNULL = YES;
				CLANG_ANALYZER_NUMBER_OBJECT_CONVERSION = YES_AGGRESSIVE;
				CLANG_CXX_LANGUAGE_STANDARD = "gnu++17";
				CLANG_ENABLE_MODULES = YES;
				CLANG_ENABLE_OBJC_ARC = YES;
				CLANG_ENABLE_OBJC_WEAK = YES;
				CLANG_WARN_BLOCK_CAPTURE_AUTORELEASING = YES;
				CLANG_WARN_BOOL_CONVERSION = YES;
				CLANG_WARN_COMMA = YES;
				CLANG_WARN_CONSTANT_CONVERSION = YES;
				CLANG_WARN_DEPRECATED_OBJC_IMPLEMENTATIONS = YES;
				CLANG_WARN_DIRECT_OBJC_ISA_USAGE = YES_ERROR;
				CLANG_WARN_DOCUMENTATION_COMMENTS = YES;
				CLANG_WARN_EMPTY_BODY = YES;
				CLANG_WARN_ENUM_CONVERSION = YES;
				CLANG_WARN_INFINITE_RECURSION = YES;
				CLANG_WARN_INT_CONVERSION = YES;
				CLANG_WARN_NON_LITERAL_NULL_CONVERSION = YES;
				CLANG_WARN_OBJC_IMPLICIT_RETAIN_SELF = YES;
				CLANG_WARN_OBJC_LITERAL_CONVERSION = YES;
				CLANG_WARN_OBJC_ROOT_CLASS = YES_ERROR;
				CLANG_WARN_QUOTED_INCLUDE_IN_FRAMEWORK_HEADER = YES;
				CLANG_WARN_RANGE_LOOP_ANALYSIS = YES;
				CLANG_WARN_STRICT_PROTOTYPES = YES;
				CLANG_WARN_SUSPICIOUS_MOVE = YES;
				CLANG_WARN_UNGUARDED_AVAILABILITY = YES_AGGRESSIVE;
				CLANG_WARN_UNREACHABLE_CODE = YES;
				CLANG_WARN__DUPLICATE_METHOD_MATCH = YES;
				COPY_PHASE_STRIP = NO;
				DEBUG_INFORMATION_FORMAT = "dwarf-with-dsym";
				ENABLE_NS_ASSERTIONS = NO;
				ENABLE_STRICT_OBJC_MSGSEND = YES;
				GCC_C_LANGUAGE_STANDARD = gnu11;
				GCC_NO_COMMON_BLOCKS = YES;
				GCC_WARN_64_TO_32_BIT_CONVERSION = YES;
				GCC_WARN_ABOUT_RETURN_TYPE = YES_ERROR;
				GCC_WARN_UNDECLARED_SELECTOR = YES;
				GCC_WARN_UNINITIALIZED_AUTOS = YES_AGGRESSIVE;
				GCC_WARN_UNUSED_FUNCTION = YES;
				GCC_WARN_UNUSED_VARIABLE = YES;
				IPHONEOS_DEPLOYMENT_TARGET = 15.5;
				MTL_ENABLE_DEBUG_INFO = NO;
				MTL_FAST_MATH = YES;
				SDKROOT = iphoneos;
				SWIFT_COMPILATION_MODE = wholemodule;
				SWIFT_OPTIMIZATION_LEVEL = "-O";
				VALIDATE_PRODUCT = YES;
			};
			name = Release;
		};
		5A3733DA2944F68A005BABA7 /* Debug */ = {
			isa = XCBuildConfiguration;
			buildSettings = {
				ASSETCATALOG_COMPILER_APPICON_NAME = AppIcon;
				ASSETCATALOG_COMPILER_GLOBAL_ACCENT_COLOR_NAME = AccentColor;
				CODE_SIGN_STYLE = Automatic;
				CURRENT_PROJECT_VERSION = 1;
				DEVELOPMENT_ASSET_PATHS = "\"Finance Hub/Preview Content\"";
				DEVELOPMENT_TEAM = F5FFDFG3PM;
				ENABLE_PREVIEWS = YES;
				GENERATE_INFOPLIST_FILE = YES;
				INFOPLIST_KEY_UIApplicationSceneManifest_Generation = YES;
				INFOPLIST_KEY_UIApplicationSupportsIndirectInputEvents = YES;
				INFOPLIST_KEY_UILaunchScreen_Generation = YES;
				INFOPLIST_KEY_UISupportedInterfaceOrientations_iPad = "UIInterfaceOrientationPortrait UIInterfaceOrientationPortraitUpsideDown UIInterfaceOrientationLandscapeLeft UIInterfaceOrientationLandscapeRight";
				INFOPLIST_KEY_UISupportedInterfaceOrientations_iPhone = "UIInterfaceOrientationPortrait UIInterfaceOrientationLandscapeLeft UIInterfaceOrientationLandscapeRight";
				LD_RUNPATH_SEARCH_PATHS = (
					"$(inherited)",
					"@executable_path/Frameworks",
				);
				MARKETING_VERSION = 1.0;
				PRODUCT_BUNDLE_IDENTIFIER = "com.hofmann.Finance-Hub";
				PRODUCT_NAME = "$(TARGET_NAME)";
				SWIFT_EMIT_LOC_STRINGS = YES;
				SWIFT_VERSION = 5.0;
				TARGETED_DEVICE_FAMILY = "1,2";
			};
			name = Debug;
		};
		5A3733DB2944F68A005BABA7 /* Release */ = {
			isa = XCBuildConfiguration;
			buildSettings = {
				ASSETCATALOG_COMPILER_APPICON_NAME = AppIcon;
				ASSETCATALOG_COMPILER_GLOBAL_ACCENT_COLOR_NAME = AccentColor;
				CODE_SIGN_STYLE = Automatic;
				CURRENT_PROJECT_VERSION = 1;
				DEVELOPMENT_ASSET_PATHS = "\"Finance Hub/Preview Content\"";
				DEVELOPMENT_TEAM = F5FFDFG3PM;
				ENABLE_PREVIEWS = YES;
				GENERATE_INFOPLIST_FILE = YES;
				INFOPLIST_KEY_UIApplicationSceneManifest_Generation = YES;
				INFOPLIST_KEY_UIApplicationSupportsIndirectInputEvents = YES;
				INFOPLIST_KEY_UILaunchScreen_Generation = YES;
				INFOPLIST_KEY_UISupportedInterfaceOrientations_iPad = "UIInterfaceOrientationPortrait UIInterfaceOrientationPortraitUpsideDown UIInterfaceOrientationLandscapeLeft UIInterfaceOrientationLandscapeRight";
				INFOPLIST_KEY_UISupportedInterfaceOrientations_iPhone = "UIInterfaceOrientationPortrait UIInterfaceOrientationLandscapeLeft UIInterfaceOrientationLandscapeRight";
				LD_RUNPATH_SEARCH_PATHS = (
					"$(inherited)",
					"@executable_path/Frameworks",
				);
				MARKETING_VERSION = 1.0;
				PRODUCT_BUNDLE_IDENTIFIER = "com.hofmann.Finance-Hub";
				PRODUCT_NAME = "$(TARGET_NAME)";
				SWIFT_EMIT_LOC_STRINGS = YES;
				SWIFT_VERSION = 5.0;
				TARGETED_DEVICE_FAMILY = "1,2";
			};
			name = Release;
		};
		5A3733DD2944F68A005BABA7 /* Debug */ = {
			isa = XCBuildConfiguration;
			buildSettings = {
				ALWAYS_EMBED_SWIFT_STANDARD_LIBRARIES = YES;
				BUNDLE_LOADER = "$(TEST_HOST)";
				CODE_SIGN_STYLE = Automatic;
				CURRENT_PROJECT_VERSION = 1;
				GENERATE_INFOPLIST_FILE = YES;
				IPHONEOS_DEPLOYMENT_TARGET = 15.5;
				MARKETING_VERSION = 1.0;
				PRODUCT_BUNDLE_IDENTIFIER = "com.hofmann.Finance-HubTests";
				PRODUCT_NAME = "$(TARGET_NAME)";
				SWIFT_EMIT_LOC_STRINGS = NO;
				SWIFT_VERSION = 5.0;
				TARGETED_DEVICE_FAMILY = "1,2";
				TEST_HOST = "$(BUILT_PRODUCTS_DIR)/Finance Hub.app/Finance Hub";
			};
			name = Debug;
		};
		5A3733DE2944F68A005BABA7 /* Release */ = {
			isa = XCBuildConfiguration;
			buildSettings = {
				ALWAYS_EMBED_SWIFT_STANDARD_LIBRARIES = YES;
				BUNDLE_LOADER = "$(TEST_HOST)";
				CODE_SIGN_STYLE = Automatic;
				CURRENT_PROJECT_VERSION = 1;
				GENERATE_INFOPLIST_FILE = YES;
				IPHONEOS_DEPLOYMENT_TARGET = 15.5;
				MARKETING_VERSION = 1.0;
				PRODUCT_BUNDLE_IDENTIFIER = "com.hofmann.Finance-HubTests";
				PRODUCT_NAME = "$(TARGET_NAME)";
				SWIFT_EMIT_LOC_STRINGS = NO;
				SWIFT_VERSION = 5.0;
				TARGETED_DEVICE_FAMILY = "1,2";
				TEST_HOST = "$(BUILT_PRODUCTS_DIR)/Finance Hub.app/Finance Hub";
			};
			name = Release;
		};
		5A3733E02944F68A005BABA7 /* Debug */ = {
			isa = XCBuildConfiguration;
			buildSettings = {
				ALWAYS_EMBED_SWIFT_STANDARD_LIBRARIES = YES;
				CODE_SIGN_STYLE = Automatic;
				CURRENT_PROJECT_VERSION = 1;
				GENERATE_INFOPLIST_FILE = YES;
				MARKETING_VERSION = 1.0;
				PRODUCT_BUNDLE_IDENTIFIER = "com.hofmann.Finance-HubUITests";
				PRODUCT_NAME = "$(TARGET_NAME)";
				SWIFT_EMIT_LOC_STRINGS = NO;
				SWIFT_VERSION = 5.0;
				TARGETED_DEVICE_FAMILY = "1,2";
				TEST_TARGET_NAME = "Finance Hub";
			};
			name = Debug;
		};
		5A3733E12944F68A005BABA7 /* Release */ = {
			isa = XCBuildConfiguration;
			buildSettings = {
				ALWAYS_EMBED_SWIFT_STANDARD_LIBRARIES = YES;
				CODE_SIGN_STYLE = Automatic;
				CURRENT_PROJECT_VERSION = 1;
				GENERATE_INFOPLIST_FILE = YES;
				MARKETING_VERSION = 1.0;
				PRODUCT_BUNDLE_IDENTIFIER = "com.hofmann.Finance-HubUITests";
				PRODUCT_NAME = "$(TARGET_NAME)";
				SWIFT_EMIT_LOC_STRINGS = NO;
				SWIFT_VERSION = 5.0;
				TARGETED_DEVICE_FAMILY = "1,2";
				TEST_TARGET_NAME = "Finance Hub";
			};
			name = Release;
		};
/* End XCBuildConfiguration section */

/* Begin XCConfigurationList section */
		5A3733B02944F688005BABA7 /* Build configuration list for PBXProject "Finance Hub" */ = {
			isa = XCConfigurationList;
			buildConfigurations = (
				5A3733D72944F68A005BABA7 /* Debug */,
				5A3733D82944F68A005BABA7 /* Release */,
			);
			defaultConfigurationIsVisible = 0;
			defaultConfigurationName = Release;
		};
		5A3733D92944F68A005BABA7 /* Build configuration list for PBXNativeTarget "Finance Hub" */ = {
			isa = XCConfigurationList;
			buildConfigurations = (
				5A3733DA2944F68A005BABA7 /* Debug */,
				5A3733DB2944F68A005BABA7 /* Release */,
			);
			defaultConfigurationIsVisible = 0;
			defaultConfigurationName = Release;
		};
		5A3733DC2944F68A005BABA7 /* Build configuration list for PBXNativeTarget "Finance HubTests" */ = {
			isa = XCConfigurationList;
			buildConfigurations = (
				5A3733DD2944F68A005BABA7 /* Debug */,
				5A3733DE2944F68A005BABA7 /* Release */,
			);
			defaultConfigurationIsVisible = 0;
			defaultConfigurationName = Release;
		};
		5A3733DF2944F68A005BABA7 /* Build configuration list for PBXNativeTarget "Finance HubUITests" */ = {
			isa = XCConfigurationList;
			buildConfigurations = (
				5A3733E02944F68A005BABA7 /* Debug */,
				5A3733E12944F68A005BABA7 /* Release */,
			);
			defaultConfigurationIsVisible = 0;
			defaultConfigurationName = Release;
		};
/* End XCConfigurationList section */
	};
	rootObject = 5A3733AD2944F688005BABA7 /* Project object */;
}
